PODS:
  - Matter (0.0.8)

DEPENDENCIES:
  - "Matter (from `git@github.com:thodang-mitel/Matter.git`, branch `main`)"

EXTERNAL SOURCES:
  Matter:
    :branch: main
    :git: "git@github.com:thodang-mitel/Matter.git"

CHECKOUT OPTIONS:
  Matter:
    :commit: 581ed38aae73cd3b977f24fe346a52b1aef35793
    :git: "git@github.com:thodang-mitel/Matter.git"

SPEC CHECKSUMS:
  Matter: c47e32b20a613aea8f7d0d4d4e8c313b7ae84deb

PODFILE CHECKSUM: 4ca92e3728c40da58c0df0bf7518626951135574

COCOAPODS: 1.11.3
