PODS:
  - BMatter (0.0.1)

DEPENDENCIES:
  - "BMatter (from `git@github.com:thodang-mitel/BMatter.git`, branch `main`)"

EXTERNAL SOURCES:
  BMatter:
    :branch: main
    :git: "git@github.com:thodang-mitel/BMatter.git"

CHECKOUT OPTIONS:
  BMatter:
    :commit: f5ae538425940f954886f3b57cd88774329f5aaf
    :git: "git@github.com:thodang-mitel/BMatter.git"

SPEC CHECKSUMS:
  BMatter: dd4716563a972b2cd3d318e1356c6689ab530395

PODFILE CHECKSUM: 6edeb6d9567df434f84f9361b77e0ff56cc4d8a3

COCOAPODS: 1.11.3
